
Microsoft Visual Studio Solution File, Format Version 12.00
# Visual Studio Version 16
VisualStudioVersion = 16.0.29215.179
MinimumVisualStudioVersion = 10.0.40219.1
Project("{FAE04EC0-301F-11D3-BF4B-00C04F79EFBC}") = "HW2", "HW2\HW2.csproj", "{507076DB-671C-4A32-8F4A-BC77B8063673}"
EndProject
Global
	GlobalSection(SolutionConfigurationPlatforms) = preSolution
		Debug|Any CPU = Debug|Any CPU
		Release|Any CPU = Release|Any CPU
	EndGlobalSection
	GlobalSection(ProjectConfigurationPlatforms) = postSolution
		{507076DB-671C-4A32-8F4A-BC77B8063673}.Debug|Any CPU.ActiveCfg = Debug|Any CPU
		{507076DB-671C-4A32-8F4A-BC77B8063673}.Debug|Any CPU.Build.0 = Debug|Any CPU
		{507076DB-671C-4A32-8F4A-BC77B8063673}.Release|Any CPU.ActiveCfg = Release|Any CPU
		{507076DB-671C-4A32-8F4A-BC77B8063673}.Release|Any CPU.Build.0 = Release|Any CPU
	EndGlobalSection
	GlobalSection(SolutionProperties) = preSolution
		HideSolutionNode = FALSE
	EndGlobalSection
	GlobalSection(ExtensibilityGlobals) = postSolution
		SolutionGuid = {BABF86CE-5CB8-4E51-815B-FE8FD676A4B0}
	EndGlobalSection
EndGlobal
